
Microsoft Visual Studio Solution File, Format Version 12.00
# Visual Studio 2013
VisualStudioVersion = 12.0.31101.0
MinimumVisualStudioVersion = 10.0.40219.1
Project("{F184B08F-C81C-45F6-A57F-5ABD9991F28F}") = "Datta", "Datta\Datta.vbproj", "{CA19D50E-4F34-459E-860C-92282E5BDB8D}"
EndProject
Project("{F184B08F-C81C-45F6-A57F-5ABD9991F28F}") = "DattaTestApplication", "DattaTestApplication\DattaTestApplication.vbproj", "{B53F0378-ADEA-43F8-91A0-1AC135E39EF5}"
EndProject
Global
	GlobalSection(SolutionConfigurationPlatforms) = preSolution
		Debug|Any CPU = Debug|Any CPU
		Release|Any CPU = Release|Any CPU
	EndGlobalSection
	GlobalSection(ProjectConfigurationPlatforms) = postSolution
		{CA19D50E-4F34-459E-860C-92282E5BDB8D}.Debug|Any CPU.ActiveCfg = Debug|Any CPU
		{CA19D50E-4F34-459E-860C-92282E5BDB8D}.Debug|Any CPU.Build.0 = Debug|Any CPU
		{CA19D50E-4F34-459E-860C-92282E5BDB8D}.Release|Any CPU.ActiveCfg = Release|Any CPU
		{CA19D50E-4F34-459E-860C-92282E5BDB8D}.Release|Any CPU.Build.0 = Release|Any CPU
		{B53F0378-ADEA-43F8-91A0-1AC135E39EF5}.Debug|Any CPU.ActiveCfg = Debug|Any CPU
		{B53F0378-ADEA-43F8-91A0-1AC135E39EF5}.Debug|Any CPU.Build.0 = Debug|Any CPU
		{B53F0378-ADEA-43F8-91A0-1AC135E39EF5}.Release|Any CPU.ActiveCfg = Release|Any CPU
		{B53F0378-ADEA-43F8-91A0-1AC135E39EF5}.Release|Any CPU.Build.0 = Release|Any CPU
	EndGlobalSection
	GlobalSection(SolutionProperties) = preSolution
		HideSolutionNode = FALSE
	EndGlobalSection
EndGlobal
